<?xml version="1.0" encoding="utf-8"?>
<Project ToolsVersion="4.0" xmlns="http://schemas.microsoft.com/developer/msbuild/2003">
  <ItemGroup>
    <ClInclude Include="..\Pubc\Version.h">
      <Filter>Meta</Filter>
    </ClInclude>
    <ClInclude Include="..\Pubc\Register.h">
      <Filter>Meta</Filter>
    </ClInclude>
    <ClInclude Include="..\Pubc\Raw Sluice.h">
      <Filter>Raw</Filter>
    </ClInclude>
    <ClInclude Include="..\Pubc\Raw Rill.h">
      <Filter>Raw</Filter>
    </ClInclude>
    <ClInclude Include="..\Pubc\Abstract Memory.h">
      <Filter>Util</Filter>
    </ClInclude>
    <ClInclude Include="..\Pubc\Abstract Sluice Seq Writer.h">
      <Filter>Abstract</Filter>
    </ClInclude>
    <ClInclude Include="..\Pubc\Base Sluice.h">
      <Filter>Base</Filter>
    </ClInclude>
    <ClInclude Include="..\Pubc\Simple Disk IO.h">
      <Filter>Util</Filter>
    </ClInclude>
    <ClInclude Include="..\Pubc\Create Sluice.h">
      <Filter>Util</Filter>
    </ClInclude>
    <ClInclude Include="..\Pubc\Simple Performer.h">
      <Filter>Util</Filter>
    </ClInclude>
  </ItemGroup>
  <ItemGroup>
    <None Include="..\Meta\contributors.json">
      <Filter>Meta</Filter>
    </None>
    <None Include="..\Meta\libraries.json">
      <Filter>Meta</Filter>
    </None>
  </ItemGroup>
  <ItemGroup>
    <Filter Include="Meta">
      <UniqueIdentifier>{c40fcb63-2a35-444f-8a04-16042804312d}</UniqueIdentifier>
    </Filter>
    <Filter Include="Raw">
      <UniqueIdentifier>{1513f1ae-3d37-4f7b-a3da-757bbc8e65ac}</UniqueIdentifier>
    </Filter>
    <Filter Include="Base">
      <UniqueIdentifier>{0539aa21-3190-48fd-998c-91b02a537f67}</UniqueIdentifier>
    </Filter>
    <Filter Include="Util">
      <UniqueIdentifier>{0af23258-fcae-46f8-a853-ae0645de7a50}</UniqueIdentifier>
    </Filter>
    <Filter Include="Abstract">
      <UniqueIdentifier>{084fa4e8-f12e-4d63-bd93-c66370dbb011}</UniqueIdentifier>
    </Filter>
  </ItemGroup>
  <ItemGroup>
    <CustomBuild Include="..\Meta\generate_meta.txt">
      <Filter>Meta</Filter>
    </CustomBuild>
  </ItemGroup>
  <ItemGroup>
    <Text Include="..\Meta\licence_name.txt">
      <Filter>Meta</Filter>
    </Text>
  </ItemGroup>
  <ItemGroup>
    <ClCompile Include="..\Pubc\Version.cpp">
      <Filter>Meta</Filter>
    </ClCompile>
    <ClCompile Include="..\Pubc\Simple Performer.cpp">
      <Filter>Util</Filter>
    </ClCompile>
    <ClCompile Include="..\Pubc\Simple Disk IO.cpp">
      <Filter>Util</Filter>
    </ClCompile>
  </ItemGroup>
</Project>